PODS:
  - Capacitor (8.0.1):
    - CapacitorCordova
  - CapacitorCordova (8.0.1)
  - CapacitorLocalNotifications (8.0.0):
    - Capacitor
  - CapacitorPreferences (8.0.0):
    - Capacitor

DEPENDENCIES:
  - "Capacitor (from `../../node_modules/@capacitor/ios`)"
  - "CapacitorCordova (from `../../node_modules/@capacitor/ios`)"
  - "CapacitorLocalNotifications (from `../../node_modules/@capacitor/local-notifications`)"
  - "CapacitorPreferences (from `../../node_modules/@capacitor/preferences`)"

EXTERNAL SOURCES:
  Capacitor:
    :path: "../../node_modules/@capacitor/ios"
  CapacitorCordova:
    :path: "../../node_modules/@capacitor/ios"
  CapacitorLocalNotifications:
    :path: "../../node_modules/@capacitor/local-notifications"
  CapacitorPreferences:
    :path: "../../node_modules/@capacitor/preferences"

SPEC CHECKSUMS:
  Capacitor: ff35b0f66370b84aa238251b35b91886a3207c16
  CapacitorCordova: 0d65b9bb74e995dcecb9463f34f1af2aba6f955c
  CapacitorLocalNotifications: 177cfbf8228d9bd82a147e094cb7984d7afb9e29
  CapacitorPreferences: 443fabe9670226200e595658a87ef0b1566716d4

PODFILE CHECKSUM: 066486fada27991637672d9e67aefd33b382389f

COCOAPODS: 1.16.2
